
Microsoft Visual Studio Solution File, Format Version 12.00
# Visual Studio Version 17
VisualStudioVersion = 17.2.32526.322
MinimumVisualStudioVersion = 10.0.40219.1
Project("{FAE04EC0-301F-11D3-BF4B-00C04F79EFBC}") = "GA_Hafsa_RTB", "GA_Hafsa_RTB.csproj", "{04AB2487-518F-4588-889C-373FCD13C616}"
EndProject
Global
	GlobalSection(SolutionConfigurationPlatforms) = preSolution
		Debug|Any CPU = Debug|Any CPU
		Release|Any CPU = Release|Any CPU
	EndGlobalSection
	GlobalSection(ProjectConfigurationPlatforms) = postSolution
		{04AB2487-518F-4588-889C-373FCD13C616}.Debug|Any CPU.ActiveCfg = Debug|Any CPU
		{04AB2487-518F-4588-889C-373FCD13C616}.Debug|Any CPU.Build.0 = Debug|Any CPU
		{04AB2487-518F-4588-889C-373FCD13C616}.Release|Any CPU.ActiveCfg = Release|Any CPU
		{04AB2487-518F-4588-889C-373FCD13C616}.Release|Any CPU.Build.0 = Release|Any CPU
	EndGlobalSection
	GlobalSection(SolutionProperties) = preSolution
		HideSolutionNode = FALSE
	EndGlobalSection
	GlobalSection(ExtensibilityGlobals) = postSolution
		SolutionGuid = {8D1265EA-C6C4-4BFD-B1A1-B0EFEB17F715}
	EndGlobalSection
EndGlobal
